
Microsoft Visual Studio Solution File, Format Version 12.00
# Visual Studio Version 17
VisualStudioVersion = 17.7.33624.585
MinimumVisualStudioVersion = 15.0.26124.0
Project("{2150E333-8FDC-42A3-9474-1A3956D46DE8}") = "Solution Items", "Solution Items", "{1CE9670B-D5FF-46A7-9D00-24E70E6ED48B}"
	ProjectSection(SolutionItems) = preProject
		.editorconfig = .editorconfig
		Directory.Build.props = Directory.Build.props
		Directory.Build.targets = Directory.Build.targets
		Directory.Packages.props = Directory.Packages.props
		global.json = global.json
		nuget.config = nuget.config
		README.md = README.md
		stylecop.json = stylecop.json
		version.json = version.json
	EndProjectSection
EndProject
Project("{2150E333-8FDC-42A3-9474-1A3956D46DE8}") = "src", "src", "{9E154A29-1796-4B85-BD81-B6A385D8FF71}"
	ProjectSection(SolutionItems) = preProject
		src\.editorconfig = src\.editorconfig
		src\Directory.Build.props = src\Directory.Build.props
		src\Directory.Build.targets = src\Directory.Build.targets
	EndProjectSection
EndProject
Project("{2150E333-8FDC-42A3-9474-1A3956D46DE8}") = "test", "test", "{36CCE840-6FE5-4DB9-A8D5-8CF3CB6D342A}"
	ProjectSection(SolutionItems) = preProject
		test\.editorconfig = test\.editorconfig
		test\Directory.Build.props = test\Directory.Build.props
		test\Directory.Build.targets = test\Directory.Build.targets
	EndProjectSection
EndProject
Project("{2150E333-8FDC-42A3-9474-1A3956D46DE8}") = "src", "src", "{6BCDD489-47B6-441A-A547-2BE7CF68B8F3}"
EndProject
Project("{9A19103F-16F7-4668-BE54-9A1E7A4F7556}") = "Nerdbank.Zcash", "src\Nerdbank.Zcash\Nerdbank.Zcash.csproj", "{5EDC775A-BA1B-48D8-9F62-645612C30CF0}"
EndProject
Project("{2150E333-8FDC-42A3-9474-1A3956D46DE8}") = "test", "test", "{2C99DF2C-0284-4C94-AD6B-692D93D9E3FA}"
EndProject
Project("{9A19103F-16F7-4668-BE54-9A1E7A4F7556}") = "Nerdbank.Zcash.Tests", "test\Nerdbank.Zcash.Tests\Nerdbank.Zcash.Tests.csproj", "{0F833CBA-991C-4A81-BABB-4964307CCCFF}"
EndProject
Project("{9A19103F-16F7-4668-BE54-9A1E7A4F7556}") = "Nerdbank.Cryptocurrencies", "src\Nerdbank.Cryptocurrencies\Nerdbank.Cryptocurrencies.csproj", "{777CF9A5-26F4-42BA-9ECB-5ED6B75D988C}"
EndProject
Project("{9A19103F-16F7-4668-BE54-9A1E7A4F7556}") = "Nerdbank.Cryptocurrencies.Tests", "test\Nerdbank.Cryptocurrencies.Tests\Nerdbank.Cryptocurrencies.Tests.csproj", "{46FE7AFC-B261-46A7-9AEC-4EF580608D28}"
EndProject
Project("{9A19103F-16F7-4668-BE54-9A1E7A4F7556}") = "Nerdbank.Zcash.Web", "src\Nerdbank.Zcash.Web\Nerdbank.Zcash.Web.csproj", "{F6767CA9-4D7B-439E-A419-A0797D3BCEFA}"
EndProject
Project("{D954291E-2A0B-460D-934E-DC6B0785DB48}") = "SharedSource", "src\SharedSource\SharedSource.shproj", "{A6EBBEA8-ABED-4830-B0D0-CC0EB427AB9D}"
EndProject
Project("{9A19103F-16F7-4668-BE54-9A1E7A4F7556}") = "Nerdbank.Zcash.Cli", "src\Nerdbank.Zcash.Cli\Nerdbank.Zcash.Cli.csproj", "{9602994E-CBDB-4202-8001-FD3AE58949E8}"
EndProject
Project("{9A19103F-16F7-4668-BE54-9A1E7A4F7556}") = "Nerdbank.Bitcoin", "src\Nerdbank.Bitcoin\Nerdbank.Bitcoin.csproj", "{D4E12AEF-A9DA-464A-8C0B-B8241FC492D4}"
EndProject
Project("{9A19103F-16F7-4668-BE54-9A1E7A4F7556}") = "Nerdbank.Zcash.App", "src\Nerdbank.Zcash.App\Nerdbank.Zcash.App\Nerdbank.Zcash.App.csproj", "{7D84F827-D81E-47FE-A4A9-07B3761BAE78}"
EndProject
Project("{2150E333-8FDC-42A3-9474-1A3956D46DE8}") = "Nerdbank.Zcash.App", "Nerdbank.Zcash.App", "{60403FE5-ED42-481F-A229-C96D398F7680}"
	ProjectSection(SolutionItems) = preProject
		src\Nerdbank.Zcash.App\.editorconfig = src\Nerdbank.Zcash.App\.editorconfig
		src\Nerdbank.Zcash.App\Directory.Build.props = src\Nerdbank.Zcash.App\Directory.Build.props
	EndProjectSection
EndProject
Project("{9A19103F-16F7-4668-BE54-9A1E7A4F7556}") = "Nerdbank.Zcash.App.Android", "src\Nerdbank.Zcash.App\Nerdbank.Zcash.App.Android\Nerdbank.Zcash.App.Android.csproj", "{572F88D2-4973-4A0E-A954-27D8831793D1}"
EndProject
Project("{9A19103F-16F7-4668-BE54-9A1E7A4F7556}") = "Nerdbank.Zcash.App.Desktop", "src\Nerdbank.Zcash.App\Nerdbank.Zcash.App.Desktop\Nerdbank.Zcash.App.Desktop.csproj", "{1AF0F605-D573-4312-B27B-6602486D1E26}"
EndProject
Project("{9A19103F-16F7-4668-BE54-9A1E7A4F7556}") = "Nerdbank.Zcash.App.iOS", "src\Nerdbank.Zcash.App\Nerdbank.Zcash.App.iOS\Nerdbank.Zcash.App.iOS.csproj", "{7819857D-B787-4778-8FBA-9B4DF464921E}"
EndProject
Project("{FAE04EC0-301F-11D3-BF4B-00C04F79EFBC}") = "Nerdbank.Zcash.App.Tests", "test\Nerdbank.Zcash.App.Tests\Nerdbank.Zcash.App.Tests.csproj", "{050642D7-A247-4906-80F3-39BB70FEABDE}"
EndProject
Global
	GlobalSection(SolutionConfigurationPlatforms) = preSolution
		Debug|Any CPU = Debug|Any CPU
		Debug|ARM64 = Debug|ARM64
		Debug|x64 = Debug|x64
		Release|Any CPU = Release|Any CPU
		Release|ARM64 = Release|ARM64
		Release|x64 = Release|x64
	EndGlobalSection
	GlobalSection(ProjectConfigurationPlatforms) = postSolution
		{5EDC775A-BA1B-48D8-9F62-645612C30CF0}.Debug|Any CPU.ActiveCfg = Debug|Any CPU
		{5EDC775A-BA1B-48D8-9F62-645612C30CF0}.Debug|Any CPU.Build.0 = Debug|Any CPU
		{5EDC775A-BA1B-48D8-9F62-645612C30CF0}.Debug|ARM64.ActiveCfg = Debug|Any CPU
		{5EDC775A-BA1B-48D8-9F62-645612C30CF0}.Debug|ARM64.Build.0 = Debug|Any CPU
		{5EDC775A-BA1B-48D8-9F62-645612C30CF0}.Debug|x64.ActiveCfg = Debug|Any CPU
		{5EDC775A-BA1B-48D8-9F62-645612C30CF0}.Debug|x64.Build.0 = Debug|Any CPU
		{5EDC775A-BA1B-48D8-9F62-645612C30CF0}.Release|Any CPU.ActiveCfg = Release|Any CPU
		{5EDC775A-BA1B-48D8-9F62-645612C30CF0}.Release|Any CPU.Build.0 = Release|Any CPU
		{5EDC775A-BA1B-48D8-9F62-645612C30CF0}.Release|ARM64.ActiveCfg = Release|Any CPU
		{5EDC775A-BA1B-48D8-9F62-645612C30CF0}.Release|ARM64.Build.0 = Release|Any CPU
		{5EDC775A-BA1B-48D8-9F62-645612C30CF0}.Release|x64.ActiveCfg = Release|Any CPU
		{5EDC775A-BA1B-48D8-9F62-645612C30CF0}.Release|x64.Build.0 = Release|Any CPU
		{0F833CBA-991C-4A81-BABB-4964307CCCFF}.Debug|Any CPU.ActiveCfg = Debug|x64
		{0F833CBA-991C-4A81-BABB-4964307CCCFF}.Debug|Any CPU.Build.0 = Debug|x64
		{0F833CBA-991C-4A81-BABB-4964307CCCFF}.Debug|ARM64.ActiveCfg = Debug|ARM64
		{0F833CBA-991C-4A81-BABB-4964307CCCFF}.Debug|ARM64.Build.0 = Debug|ARM64
		{0F833CBA-991C-4A81-BABB-4964307CCCFF}.Debug|x64.ActiveCfg = Debug|x64
		{0F833CBA-991C-4A81-BABB-4964307CCCFF}.Debug|x64.Build.0 = Debug|x64
		{0F833CBA-991C-4A81-BABB-4964307CCCFF}.Release|Any CPU.ActiveCfg = Release|x64
		{0F833CBA-991C-4A81-BABB-4964307CCCFF}.Release|Any CPU.Build.0 = Release|x64
		{0F833CBA-991C-4A81-BABB-4964307CCCFF}.Release|ARM64.ActiveCfg = Release|ARM64
		{0F833CBA-991C-4A81-BABB-4964307CCCFF}.Release|ARM64.Build.0 = Release|ARM64
		{0F833CBA-991C-4A81-BABB-4964307CCCFF}.Release|x64.ActiveCfg = Release|x64
		{0F833CBA-991C-4A81-BABB-4964307CCCFF}.Release|x64.Build.0 = Release|x64
		{777CF9A5-26F4-42BA-9ECB-5ED6B75D988C}.Debug|Any CPU.ActiveCfg = Debug|Any CPU
		{777CF9A5-26F4-42BA-9ECB-5ED6B75D988C}.Debug|Any CPU.Build.0 = Debug|Any CPU
		{777CF9A5-26F4-42BA-9ECB-5ED6B75D988C}.Debug|ARM64.ActiveCfg = Debug|Any CPU
		{777CF9A5-26F4-42BA-9ECB-5ED6B75D988C}.Debug|ARM64.Build.0 = Debug|Any CPU
		{777CF9A5-26F4-42BA-9ECB-5ED6B75D988C}.Debug|x64.ActiveCfg = Debug|Any CPU
		{777CF9A5-26F4-42BA-9ECB-5ED6B75D988C}.Debug|x64.Build.0 = Debug|Any CPU
		{777CF9A5-26F4-42BA-9ECB-5ED6B75D988C}.Release|Any CPU.ActiveCfg = Release|Any CPU
		{777CF9A5-26F4-42BA-9ECB-5ED6B75D988C}.Release|Any CPU.Build.0 = Release|Any CPU
		{777CF9A5-26F4-42BA-9ECB-5ED6B75D988C}.Release|ARM64.ActiveCfg = Release|Any CPU
		{777CF9A5-26F4-42BA-9ECB-5ED6B75D988C}.Release|ARM64.Build.0 = Release|Any CPU
		{777CF9A5-26F4-42BA-9ECB-5ED6B75D988C}.Release|x64.ActiveCfg = Release|Any CPU
		{777CF9A5-26F4-42BA-9ECB-5ED6B75D988C}.Release|x64.Build.0 = Release|Any CPU
		{46FE7AFC-B261-46A7-9AEC-4EF580608D28}.Debug|Any CPU.ActiveCfg = Debug|Any CPU
		{46FE7AFC-B261-46A7-9AEC-4EF580608D28}.Debug|Any CPU.Build.0 = Debug|Any CPU
		{46FE7AFC-B261-46A7-9AEC-4EF580608D28}.Debug|ARM64.ActiveCfg = Debug|Any CPU
		{46FE7AFC-B261-46A7-9AEC-4EF580608D28}.Debug|ARM64.Build.0 = Debug|Any CPU
		{46FE7AFC-B261-46A7-9AEC-4EF580608D28}.Debug|x64.ActiveCfg = Debug|Any CPU
		{46FE7AFC-B261-46A7-9AEC-4EF580608D28}.Debug|x64.Build.0 = Debug|Any CPU
		{46FE7AFC-B261-46A7-9AEC-4EF580608D28}.Release|Any CPU.ActiveCfg = Release|Any CPU
		{46FE7AFC-B261-46A7-9AEC-4EF580608D28}.Release|Any CPU.Build.0 = Release|Any CPU
		{46FE7AFC-B261-46A7-9AEC-4EF580608D28}.Release|ARM64.ActiveCfg = Release|Any CPU
		{46FE7AFC-B261-46A7-9AEC-4EF580608D28}.Release|ARM64.Build.0 = Release|Any CPU
		{46FE7AFC-B261-46A7-9AEC-4EF580608D28}.Release|x64.ActiveCfg = Release|Any CPU
		{46FE7AFC-B261-46A7-9AEC-4EF580608D28}.Release|x64.Build.0 = Release|Any CPU
		{F6767CA9-4D7B-439E-A419-A0797D3BCEFA}.Debug|Any CPU.ActiveCfg = Debug|Any CPU
		{F6767CA9-4D7B-439E-A419-A0797D3BCEFA}.Debug|Any CPU.Build.0 = Debug|Any CPU
		{F6767CA9-4D7B-439E-A419-A0797D3BCEFA}.Debug|ARM64.ActiveCfg = Debug|Any CPU
		{F6767CA9-4D7B-439E-A419-A0797D3BCEFA}.Debug|ARM64.Build.0 = Debug|Any CPU
		{F6767CA9-4D7B-439E-A419-A0797D3BCEFA}.Debug|x64.ActiveCfg = Debug|Any CPU
		{F6767CA9-4D7B-439E-A419-A0797D3BCEFA}.Debug|x64.Build.0 = Debug|Any CPU
		{F6767CA9-4D7B-439E-A419-A0797D3BCEFA}.Release|Any CPU.ActiveCfg = Release|Any CPU
		{F6767CA9-4D7B-439E-A419-A0797D3BCEFA}.Release|Any CPU.Build.0 = Release|Any CPU
		{F6767CA9-4D7B-439E-A419-A0797D3BCEFA}.Release|ARM64.ActiveCfg = Release|Any CPU
		{F6767CA9-4D7B-439E-A419-A0797D3BCEFA}.Release|ARM64.Build.0 = Release|Any CPU
		{F6767CA9-4D7B-439E-A419-A0797D3BCEFA}.Release|x64.ActiveCfg = Release|Any CPU
		{F6767CA9-4D7B-439E-A419-A0797D3BCEFA}.Release|x64.Build.0 = Release|Any CPU
		{9602994E-CBDB-4202-8001-FD3AE58949E8}.Debug|Any CPU.ActiveCfg = Debug|x64
		{9602994E-CBDB-4202-8001-FD3AE58949E8}.Debug|Any CPU.Build.0 = Debug|x64
		{9602994E-CBDB-4202-8001-FD3AE58949E8}.Debug|ARM64.ActiveCfg = Debug|ARM64
		{9602994E-CBDB-4202-8001-FD3AE58949E8}.Debug|ARM64.Build.0 = Debug|ARM64
		{9602994E-CBDB-4202-8001-FD3AE58949E8}.Debug|x64.ActiveCfg = Debug|x64
		{9602994E-CBDB-4202-8001-FD3AE58949E8}.Debug|x64.Build.0 = Debug|x64
		{9602994E-CBDB-4202-8001-FD3AE58949E8}.Release|Any CPU.ActiveCfg = Release|x64
		{9602994E-CBDB-4202-8001-FD3AE58949E8}.Release|Any CPU.Build.0 = Release|x64
		{9602994E-CBDB-4202-8001-FD3AE58949E8}.Release|ARM64.ActiveCfg = Release|ARM64
		{9602994E-CBDB-4202-8001-FD3AE58949E8}.Release|ARM64.Build.0 = Release|ARM64
		{9602994E-CBDB-4202-8001-FD3AE58949E8}.Release|x64.ActiveCfg = Release|x64
		{9602994E-CBDB-4202-8001-FD3AE58949E8}.Release|x64.Build.0 = Release|x64
		{D4E12AEF-A9DA-464A-8C0B-B8241FC492D4}.Debug|Any CPU.ActiveCfg = Debug|Any CPU
		{D4E12AEF-A9DA-464A-8C0B-B8241FC492D4}.Debug|Any CPU.Build.0 = Debug|Any CPU
		{D4E12AEF-A9DA-464A-8C0B-B8241FC492D4}.Debug|ARM64.ActiveCfg = Debug|Any CPU
		{D4E12AEF-A9DA-464A-8C0B-B8241FC492D4}.Debug|ARM64.Build.0 = Debug|Any CPU
		{D4E12AEF-A9DA-464A-8C0B-B8241FC492D4}.Debug|x64.ActiveCfg = Debug|Any CPU
		{D4E12AEF-A9DA-464A-8C0B-B8241FC492D4}.Debug|x64.Build.0 = Debug|Any CPU
		{D4E12AEF-A9DA-464A-8C0B-B8241FC492D4}.Release|Any CPU.ActiveCfg = Release|Any CPU
		{D4E12AEF-A9DA-464A-8C0B-B8241FC492D4}.Release|Any CPU.Build.0 = Release|Any CPU
		{D4E12AEF-A9DA-464A-8C0B-B8241FC492D4}.Release|ARM64.ActiveCfg = Release|Any CPU
		{D4E12AEF-A9DA-464A-8C0B-B8241FC492D4}.Release|ARM64.Build.0 = Release|Any CPU
		{D4E12AEF-A9DA-464A-8C0B-B8241FC492D4}.Release|x64.ActiveCfg = Release|Any CPU
		{D4E12AEF-A9DA-464A-8C0B-B8241FC492D4}.Release|x64.Build.0 = Release|Any CPU
		{7D84F827-D81E-47FE-A4A9-07B3761BAE78}.Debug|Any CPU.ActiveCfg = Debug|Any CPU
		{7D84F827-D81E-47FE-A4A9-07B3761BAE78}.Debug|Any CPU.Build.0 = Debug|Any CPU
		{7D84F827-D81E-47FE-A4A9-07B3761BAE78}.Debug|ARM64.ActiveCfg = Debug|Any CPU
		{7D84F827-D81E-47FE-A4A9-07B3761BAE78}.Debug|ARM64.Build.0 = Debug|Any CPU
		{7D84F827-D81E-47FE-A4A9-07B3761BAE78}.Debug|x64.ActiveCfg = Debug|Any CPU
		{7D84F827-D81E-47FE-A4A9-07B3761BAE78}.Debug|x64.Build.0 = Debug|Any CPU
		{7D84F827-D81E-47FE-A4A9-07B3761BAE78}.Release|Any CPU.ActiveCfg = Release|Any CPU
		{7D84F827-D81E-47FE-A4A9-07B3761BAE78}.Release|Any CPU.Build.0 = Release|Any CPU
		{7D84F827-D81E-47FE-A4A9-07B3761BAE78}.Release|ARM64.ActiveCfg = Release|Any CPU
		{7D84F827-D81E-47FE-A4A9-07B3761BAE78}.Release|ARM64.Build.0 = Release|Any CPU
		{7D84F827-D81E-47FE-A4A9-07B3761BAE78}.Release|x64.ActiveCfg = Release|Any CPU
		{7D84F827-D81E-47FE-A4A9-07B3761BAE78}.Release|x64.Build.0 = Release|Any CPU
		{572F88D2-4973-4A0E-A954-27D8831793D1}.Debug|Any CPU.ActiveCfg = Debug|x64
		{572F88D2-4973-4A0E-A954-27D8831793D1}.Debug|Any CPU.Build.0 = Debug|x64
		{572F88D2-4973-4A0E-A954-27D8831793D1}.Debug|Any CPU.Deploy.0 = Debug|x64
		{572F88D2-4973-4A0E-A954-27D8831793D1}.Debug|ARM64.ActiveCfg = Debug|ARM64
		{572F88D2-4973-4A0E-A954-27D8831793D1}.Debug|ARM64.Build.0 = Debug|ARM64
		{572F88D2-4973-4A0E-A954-27D8831793D1}.Debug|ARM64.Deploy.0 = Debug|ARM64
		{572F88D2-4973-4A0E-A954-27D8831793D1}.Debug|x64.ActiveCfg = Debug|x64
		{572F88D2-4973-4A0E-A954-27D8831793D1}.Debug|x64.Build.0 = Debug|x64
		{572F88D2-4973-4A0E-A954-27D8831793D1}.Debug|x64.Deploy.0 = Debug|x64
		{572F88D2-4973-4A0E-A954-27D8831793D1}.Release|Any CPU.ActiveCfg = Release|x64
		{572F88D2-4973-4A0E-A954-27D8831793D1}.Release|Any CPU.Build.0 = Release|x64
		{572F88D2-4973-4A0E-A954-27D8831793D1}.Release|Any CPU.Deploy.0 = Release|x64
		{572F88D2-4973-4A0E-A954-27D8831793D1}.Release|ARM64.ActiveCfg = Release|ARM64
		{572F88D2-4973-4A0E-A954-27D8831793D1}.Release|ARM64.Build.0 = Release|ARM64
		{572F88D2-4973-4A0E-A954-27D8831793D1}.Release|ARM64.Deploy.0 = Release|ARM64
		{572F88D2-4973-4A0E-A954-27D8831793D1}.Release|x64.ActiveCfg = Release|x64
		{572F88D2-4973-4A0E-A954-27D8831793D1}.Release|x64.Build.0 = Release|x64
		{572F88D2-4973-4A0E-A954-27D8831793D1}.Release|x64.Deploy.0 = Release|x64
		{1AF0F605-D573-4312-B27B-6602486D1E26}.Debug|Any CPU.ActiveCfg = Debug|x64
		{1AF0F605-D573-4312-B27B-6602486D1E26}.Debug|Any CPU.Build.0 = Debug|x64
		{1AF0F605-D573-4312-B27B-6602486D1E26}.Debug|ARM64.ActiveCfg = Debug|ARM64
		{1AF0F605-D573-4312-B27B-6602486D1E26}.Debug|ARM64.Build.0 = Debug|ARM64
		{1AF0F605-D573-4312-B27B-6602486D1E26}.Debug|x64.ActiveCfg = Debug|x64
		{1AF0F605-D573-4312-B27B-6602486D1E26}.Debug|x64.Build.0 = Debug|x64
		{1AF0F605-D573-4312-B27B-6602486D1E26}.Release|Any CPU.ActiveCfg = Release|x64
		{1AF0F605-D573-4312-B27B-6602486D1E26}.Release|Any CPU.Build.0 = Release|x64
		{1AF0F605-D573-4312-B27B-6602486D1E26}.Release|ARM64.ActiveCfg = Release|ARM64
		{1AF0F605-D573-4312-B27B-6602486D1E26}.Release|ARM64.Build.0 = Release|ARM64
		{1AF0F605-D573-4312-B27B-6602486D1E26}.Release|x64.ActiveCfg = Release|x64
		{1AF0F605-D573-4312-B27B-6602486D1E26}.Release|x64.Build.0 = Release|x64
		{7819857D-B787-4778-8FBA-9B4DF464921E}.Debug|Any CPU.ActiveCfg = Debug|Any CPU
		{7819857D-B787-4778-8FBA-9B4DF464921E}.Debug|Any CPU.Build.0 = Debug|Any CPU
		{7819857D-B787-4778-8FBA-9B4DF464921E}.Debug|Any CPU.Deploy.0 = Debug|Any CPU
		{7819857D-B787-4778-8FBA-9B4DF464921E}.Debug|ARM64.ActiveCfg = Debug|Any CPU
		{7819857D-B787-4778-8FBA-9B4DF464921E}.Debug|ARM64.Build.0 = Debug|Any CPU
		{7819857D-B787-4778-8FBA-9B4DF464921E}.Debug|ARM64.Deploy.0 = Debug|Any CPU
		{7819857D-B787-4778-8FBA-9B4DF464921E}.Debug|x64.ActiveCfg = Debug|Any CPU
		{7819857D-B787-4778-8FBA-9B4DF464921E}.Debug|x64.Build.0 = Debug|Any CPU
		{7819857D-B787-4778-8FBA-9B4DF464921E}.Debug|x64.Deploy.0 = Debug|Any CPU
		{7819857D-B787-4778-8FBA-9B4DF464921E}.Release|Any CPU.ActiveCfg = Release|Any CPU
		{7819857D-B787-4778-8FBA-9B4DF464921E}.Release|Any CPU.Build.0 = Release|Any CPU
		{7819857D-B787-4778-8FBA-9B4DF464921E}.Release|Any CPU.Deploy.0 = Release|Any CPU
		{7819857D-B787-4778-8FBA-9B4DF464921E}.Release|ARM64.ActiveCfg = Release|Any CPU
		{7819857D-B787-4778-8FBA-9B4DF464921E}.Release|ARM64.Build.0 = Release|Any CPU
		{7819857D-B787-4778-8FBA-9B4DF464921E}.Release|ARM64.Deploy.0 = Release|Any CPU
		{7819857D-B787-4778-8FBA-9B4DF464921E}.Release|x64.ActiveCfg = Release|Any CPU
		{7819857D-B787-4778-8FBA-9B4DF464921E}.Release|x64.Build.0 = Release|Any CPU
		{7819857D-B787-4778-8FBA-9B4DF464921E}.Release|x64.Deploy.0 = Release|Any CPU
		{050642D7-A247-4906-80F3-39BB70FEABDE}.Debug|Any CPU.ActiveCfg = Debug|Any CPU
		{050642D7-A247-4906-80F3-39BB70FEABDE}.Debug|Any CPU.Build.0 = Debug|Any CPU
		{050642D7-A247-4906-80F3-39BB70FEABDE}.Debug|ARM64.ActiveCfg = Debug|Any CPU
		{050642D7-A247-4906-80F3-39BB70FEABDE}.Debug|ARM64.Build.0 = Debug|Any CPU
		{050642D7-A247-4906-80F3-39BB70FEABDE}.Debug|x64.ActiveCfg = Debug|Any CPU
		{050642D7-A247-4906-80F3-39BB70FEABDE}.Debug|x64.Build.0 = Debug|Any CPU
		{050642D7-A247-4906-80F3-39BB70FEABDE}.Release|Any CPU.ActiveCfg = Release|Any CPU
		{050642D7-A247-4906-80F3-39BB70FEABDE}.Release|Any CPU.Build.0 = Release|Any CPU
		{050642D7-A247-4906-80F3-39BB70FEABDE}.Release|ARM64.ActiveCfg = Release|Any CPU
		{050642D7-A247-4906-80F3-39BB70FEABDE}.Release|ARM64.Build.0 = Release|Any CPU
		{050642D7-A247-4906-80F3-39BB70FEABDE}.Release|x64.ActiveCfg = Release|Any CPU
		{050642D7-A247-4906-80F3-39BB70FEABDE}.Release|x64.Build.0 = Release|Any CPU
	EndGlobalSection
	GlobalSection(SolutionProperties) = preSolution
		HideSolutionNode = FALSE
	EndGlobalSection
	GlobalSection(NestedProjects) = preSolution
		{9E154A29-1796-4B85-BD81-B6A385D8FF71} = {1CE9670B-D5FF-46A7-9D00-24E70E6ED48B}
		{36CCE840-6FE5-4DB9-A8D5-8CF3CB6D342A} = {1CE9670B-D5FF-46A7-9D00-24E70E6ED48B}
		{5EDC775A-BA1B-48D8-9F62-645612C30CF0} = {6BCDD489-47B6-441A-A547-2BE7CF68B8F3}
		{0F833CBA-991C-4A81-BABB-4964307CCCFF} = {2C99DF2C-0284-4C94-AD6B-692D93D9E3FA}
		{777CF9A5-26F4-42BA-9ECB-5ED6B75D988C} = {6BCDD489-47B6-441A-A547-2BE7CF68B8F3}
		{46FE7AFC-B261-46A7-9AEC-4EF580608D28} = {2C99DF2C-0284-4C94-AD6B-692D93D9E3FA}
		{F6767CA9-4D7B-439E-A419-A0797D3BCEFA} = {6BCDD489-47B6-441A-A547-2BE7CF68B8F3}
		{A6EBBEA8-ABED-4830-B0D0-CC0EB427AB9D} = {6BCDD489-47B6-441A-A547-2BE7CF68B8F3}
		{9602994E-CBDB-4202-8001-FD3AE58949E8} = {6BCDD489-47B6-441A-A547-2BE7CF68B8F3}
		{D4E12AEF-A9DA-464A-8C0B-B8241FC492D4} = {6BCDD489-47B6-441A-A547-2BE7CF68B8F3}
		{7D84F827-D81E-47FE-A4A9-07B3761BAE78} = {60403FE5-ED42-481F-A229-C96D398F7680}
		{60403FE5-ED42-481F-A229-C96D398F7680} = {6BCDD489-47B6-441A-A547-2BE7CF68B8F3}
		{572F88D2-4973-4A0E-A954-27D8831793D1} = {60403FE5-ED42-481F-A229-C96D398F7680}
		{1AF0F605-D573-4312-B27B-6602486D1E26} = {60403FE5-ED42-481F-A229-C96D398F7680}
		{7819857D-B787-4778-8FBA-9B4DF464921E} = {60403FE5-ED42-481F-A229-C96D398F7680}
		{050642D7-A247-4906-80F3-39BB70FEABDE} = {2C99DF2C-0284-4C94-AD6B-692D93D9E3FA}
	EndGlobalSection
	GlobalSection(ExtensibilityGlobals) = postSolution
		SolutionGuid = {E3944F6A-384B-4B0F-B93F-3BD513DC57BD}
	EndGlobalSection
	GlobalSection(SharedMSBuildProjectFiles) = preSolution
		src\SharedSource\SharedSource.projitems*{5edc775a-ba1b-48d8-9f62-645612c30cf0}*SharedItemsImports = 5
		src\SharedSource\SharedSource.projitems*{777cf9a5-26f4-42ba-9ecb-5ed6b75d988c}*SharedItemsImports = 5
		src\SharedSource\SharedSource.projitems*{a6ebbea8-abed-4830-b0d0-cc0eb427ab9d}*SharedItemsImports = 13
		src\SharedSource\SharedSource.projitems*{d4e12aef-a9da-464a-8c0b-b8241fc492d4}*SharedItemsImports = 5
	EndGlobalSection
EndGlobal
